// !$*UTF8*$!
{
	archiveVersion = 1;
	classes = {
	};
	objectVersion = 46;
	objects = {

/* Begin PBXBuildFile section */
		70AA4E681C30EAF60073AA48 /* main.m in Sources */ = {isa = PBXBuildFile; fileRef = 70AA4E671C30EAF60073AA48 /* main.m */; };
		70AA4E6B1C30EAF60073AA48 /* AppDelegate.m in Sources */ = {isa = PBXBuildFile; fileRef = 70AA4E6A1C30EAF60073AA48 /* AppDelegate.m */; };
		70AA4E6E1C30EAF60073AA48 /* ViewController.m in Sources */ = {isa = PBXBuildFile; fileRef = 70AA4E6D1C30EAF60073AA48 /* ViewController.m */; };
		70AA4E711C30EAF60073AA48 /* Main.storyboard in Resources */ = {isa = PBXBuildFile; fileRef = 70AA4E6F1C30EAF60073AA48 /* Main.storyboard */; };
		70AA4E731C30EAF60073AA48 /* Assets.xcassets in Resources */ = {isa = PBXBuildFile; fileRef = 70AA4E721C30EAF60073AA48 /* Assets.xcassets */; };
		70AA4E761C30EAF60073AA48 /* LaunchScreen.storyboard in Resources */ = {isa = PBXBuildFile; fileRef = 70AA4E741C30EAF60073AA48 /* LaunchScreen.storyboard */; };
		70AA4E801C30ED0E0073AA48 /* QuickLookViewController.m in Sources */ = {isa = PBXBuildFile; fileRef = 70AA4E7F1C30ED0E0073AA48 /* QuickLookViewController.m */; };
		70AA4E831C30ED310073AA48 /* DocumentInteractionViewController.m in Sources */ = {isa = PBXBuildFile; fileRef = 70AA4E821C30ED310073AA48 /* DocumentInteractionViewController.m */; };
		70AA4E851C3117B90073AA48 /* Reader.pdf in Resources */ = {isa = PBXBuildFile; fileRef = 70AA4E841C3117B90073AA48 /* Reader.pdf */; };
		70AA4E881C3128BD0073AA48 /* OpenRemoteFileViewController.m in Sources */ = {isa = PBXBuildFile; fileRef = 70AA4E871C3128BD0073AA48 /* OpenRemoteFileViewController.m */; };
/* End PBXBuildFile section */

/* Begin PBXFileReference section */
		70AA4E631C30EAF60073AA48 /* OpenFile.app */ = {isa = PBXFileReference; explicitFileType = wrapper.application; includeInIndex = 0; path = OpenFile.app; sourceTree = BUILT_PRODUCTS_DIR; };
		70AA4E671C30EAF60073AA48 /* main.m */ = {isa = PBXFileReference; lastKnownFileType = sourcecode.c.objc; path = main.m; sourceTree = "<group>"; };
		70AA4E691C30EAF60073AA48 /* AppDelegate.h */ = {isa = PBXFileReference; lastKnownFileType = sourcecode.c.h; path = AppDelegate.h; sourceTree = "<group>"; };
		70AA4E6A1C30EAF60073AA48 /* AppDelegate.m */ = {isa = PBXFileReference; lastKnownFileType = sourcecode.c.objc; path = AppDelegate.m; sourceTree = "<group>"; };
		70AA4E6C1C30EAF60073AA48 /* ViewController.h */ = {isa = PBXFileReference; lastKnownFileType = sourcecode.c.h; path = ViewController.h; sourceTree = "<group>"; };
		70AA4E6D1C30EAF60073AA48 /* ViewController.m */ = {isa = PBXFileReference; lastKnownFileType = sourcecode.c.objc; path = ViewController.m; sourceTree = "<group>"; };
		70AA4E701C30EAF60073AA48 /* Base */ = {isa = PBXFileReference; lastKnownFileType = file.storyboard; name = Base; path = Base.lproj/Main.storyboard; sourceTree = "<group>"; };
		70AA4E721C30EAF60073AA48 /* Assets.xcassets */ = {isa = PBXFileReference; lastKnownFileType = folder.assetcatalog; path = Assets.xcassets; sourceTree = "<group>"; };
		70AA4E751C30EAF60073AA48 /* Base */ = {isa = PBXFileReference; lastKnownFileType = file.storyboard; name = Base; path = Base.lproj/LaunchScreen.storyboard; sourceTree = "<group>"; };
		70AA4E771C30EAF60073AA48 /* Info.plist */ = {isa = PBXFileReference; lastKnownFileType = text.plist.xml; path = Info.plist; sourceTree = "<group>"; };
		70AA4E7E1C30ED0E0073AA48 /* QuickLookViewController.h */ = {isa = PBXFileReference; fileEncoding = 4; lastKnownFileType = sourcecode.c.h; path = QuickLookViewController.h; sourceTree = "<group>"; };
		70AA4E7F1C30ED0E0073AA48 /* QuickLookViewController.m */ = {isa = PBXFileReference; fileEncoding = 4; lastKnownFileType = sourcecode.c.objc; path = QuickLookViewController.m; sourceTree = "<group>"; };
		70AA4E811C30ED310073AA48 /* DocumentInteractionViewController.h */ = {isa = PBXFileReference; fileEncoding = 4; lastKnownFileType = sourcecode.c.h; path = DocumentInteractionViewController.h; sourceTree = "<group>"; };
		70AA4E821C30ED310073AA48 /* DocumentInteractionViewController.m */ = {isa = PBXFileReference; fileEncoding = 4; lastKnownFileType = sourcecode.c.objc; path = DocumentInteractionViewController.m; sourceTree = "<group>"; };
		70AA4E841C3117B90073AA48 /* Reader.pdf */ = {isa = PBXFileReference; lastKnownFileType = image.pdf; path = Reader.pdf; sourceTree = "<group>"; };
		70AA4E861C3128BD0073AA48 /* OpenRemoteFileViewController.h */ = {isa = PBXFileReference; fileEncoding = 4; lastKnownFileType = sourcecode.c.h; path = OpenRemoteFileViewController.h; sourceTree = "<group>"; };
		70AA4E871C3128BD0073AA48 /* OpenRemoteFileViewController.m */ = {isa = PBXFileReference; fileEncoding = 4; lastKnownFileType = sourcecode.c.objc; path = OpenRemoteFileViewController.m; sourceTree = "<group>"; };
/* End PBXFileReference section */

/* Begin PBXFrameworksBuildPhase section */
		70AA4E601C30EAF60073AA48 /* Frameworks */ = {
			isa = PBXFrameworksBuildPhase;
			buildActionMask = 2147483647;
			files = (
			);
			runOnlyForDeploymentPostprocessing = 0;
		};
/* End PBXFrameworksBuildPhase section */

/* Begin PBXGroup section */
		70AA4E5A1C30EAF60073AA48 = {
			isa = PBXGroup;
			children = (
				70AA4E651C30EAF60073AA48 /* OpenFile */,
				70AA4E641C30EAF60073AA48 /* Products */,
			);
			sourceTree = "<group>";
		};
		70AA4E641C30EAF60073AA48 /* Products */ = {
			isa = PBXGroup;
			children = (
				70AA4E631C30EAF60073AA48 /* OpenFile.app */,
			);
			name = Products;
			sourceTree = "<group>";
		};
		70AA4E651C30EAF60073AA48 /* OpenFile */ = {
			isa = PBXGroup;
			children = (
				70AA4E691C30EAF60073AA48 /* AppDelegate.h */,
				70AA4E6A1C30EAF60073AA48 /* AppDelegate.m */,
				70AA4E6C1C30EAF60073AA48 /* ViewController.h */,
				70AA4E6D1C30EAF60073AA48 /* ViewController.m */,
				70AA4E7D1C30ECA30073AA48 /* OpenFile */,
				70AA4E6F1C30EAF60073AA48 /* Main.storyboard */,
				70AA4E721C30EAF60073AA48 /* Assets.xcassets */,
				70AA4E741C30EAF60073AA48 /* LaunchScreen.storyboard */,
				70AA4E771C30EAF60073AA48 /* Info.plist */,
				70AA4E661C30EAF60073AA48 /* Supporting Files */,
			);
			path = OpenFile;
			sourceTree = "<group>";
		};
		70AA4E661C30EAF60073AA48 /* Supporting Files */ = {
			isa = PBXGroup;
			children = (
				70AA4E841C3117B90073AA48 /* Reader.pdf */,
				70AA4E671C30EAF60073AA48 /* main.m */,
			);
			name = "Supporting Files";
			sourceTree = "<group>";
		};
		70AA4E7D1C30ECA30073AA48 /* OpenFile */ = {
			isa = PBXGroup;
			children = (
				70AA4E7E1C30ED0E0073AA48 /* QuickLookViewController.h */,
				70AA4E7F1C30ED0E0073AA48 /* QuickLookViewController.m */,
				70AA4E811C30ED310073AA48 /* DocumentInteractionViewController.h */,
				70AA4E821C30ED310073AA48 /* DocumentInteractionViewController.m */,
				70AA4E861C3128BD0073AA48 /* OpenRemoteFileViewController.h */,
				70AA4E871C3128BD0073AA48 /* OpenRemoteFileViewController.m */,
			);
			path = OpenFile;
			sourceTree = "<group>";
		};
/* End PBXGroup section */

/* Begin PBXNativeTarget section */
		70AA4E621C30EAF60073AA48 /* OpenFile */ = {
			isa = PBXNativeTarget;
			buildConfigurationList = 70AA4E7A1C30EAF60073AA48 /* Build configuration list for PBXNativeTarget "OpenFile" */;
			buildPhases = (
				70AA4E5F1C30EAF60073AA48 /* Sources */,
				70AA4E601C30EAF60073AA48 /* Frameworks */,
				70AA4E611C30EAF60073AA48 /* Resources */,
			);
			buildRules = (
			);
			dependencies = (
			);
			name = OpenFile;
			productName = OpenFile;
			productReference = 70AA4E631C30EAF60073AA48 /* OpenFile.app */;
			productType = "com.apple.product-type.application";
		};
/* End PBXNativeTarget section */

/* Begin PBXProject section */
		70AA4E5B1C30EAF60073AA48 /* Project object */ = {
			isa = PBXProject;
			attributes = {
				LastUpgradeCheck = 0720;
				ORGANIZATIONNAME = "郑文明";
				TargetAttributes = {
					70AA4E621C30EAF60073AA48 = {
						CreatedOnToolsVersion = 7.2;
						DevelopmentTeam = XJVZHH6395;
					};
				};
			};
			buildConfigurationList = 70AA4E5E1C30EAF60073AA48 /* Build configuration list for PBXProject "OpenFile" */;
			compatibilityVersion = "Xcode 3.2";
			developmentRegion = English;
			hasScannedForEncodings = 0;
			knownRegions = (
				en,
				Base,
			);
			mainGroup = 70AA4E5A1C30EAF60073AA48;
			productRefGroup = 70AA4E641C30EAF60073AA48 /* Products */;
			projectDirPath = "";
			projectRoot = "";
			targets = (
				70AA4E621C30EAF60073AA48 /* OpenFile */,
			);
		};
/* End PBXProject section */

/* Begin PBXResourcesBuildPhase section */
		70AA4E611C30EAF60073AA48 /* Resources */ = {
			isa = PBXResourcesBuildPhase;
			buildActionMask = 2147483647;
			files = (
				70AA4E761C30EAF60073AA48 /* LaunchScreen.storyboard in Resources */,
				70AA4E851C3117B90073AA48 /* Reader.pdf in Resources */,
				70AA4E731C30EAF60073AA48 /* Assets.xcassets in Resources */,
				70AA4E711C30EAF60073AA48 /* Main.storyboard in Resources */,
			);
			runOnlyForDeploymentPostprocessing = 0;
		};
/* End PBXResourcesBuildPhase section */

/* Begin PBXSourcesBuildPhase section */
		70AA4E5F1C30EAF60073AA48 /* Sources */ = {
			isa = PBXSourcesBuildPhase;
			buildActionMask = 2147483647;
			files = (
				70AA4E831C30ED310073AA48 /* DocumentInteractionViewController.m in Sources */,
				70AA4E6E1C30EAF60073AA48 /* ViewController.m in Sources */,
				70AA4E881C3128BD0073AA48 /* OpenRemoteFileViewController.m in Sources */,
				70AA4E801C30ED0E0073AA48 /* QuickLookViewController.m in Sources */,
				70AA4E6B1C30EAF60073AA48 /* AppDelegate.m in Sources */,
				70AA4E681C30EAF60073AA48 /* main.m in Sources */,
			);
			runOnlyForDeploymentPostprocessing = 0;
		};
/* End PBXSourcesBuildPhase section */

/* Begin PBXVariantGroup section */
		70AA4E6F1C30EAF60073AA48 /* Main.storyboard */ = {
			isa = PBXVariantGroup;
			children = (
				70AA4E701C30EAF60073AA48 /* Base */,
			);
			name = Main.storyboard;
			sourceTree = "<group>";
		};
		70AA4E741C30EAF60073AA48 /* LaunchScreen.storyboard */ = {
			isa = PBXVariantGroup;
			children = (
				70AA4E751C30EAF60073AA48 /* Base */,
			);
			name = LaunchScreen.storyboard;
			sourceTree = "<group>";
		};
/* End PBXVariantGroup section */

/* Begin XCBuildConfiguration section */
		70AA4E781C30EAF60073AA48 /* Debug */ = {
			isa = XCBuildConfiguration;
			buildSettings = {
				ALWAYS_SEARCH_USER_PATHS = NO;
				CLANG_CXX_LANGUAGE_STANDARD = "gnu++0x";
				CLANG_CXX_LIBRARY = "libc++";
				CLANG_ENABLE_MODULES = YES;
				CLANG_ENABLE_OBJC_ARC = YES;
				CLANG_WARN_BOOL_CONVERSION = YES;
				CLANG_WARN_CONSTANT_CONVERSION = YES;
				CLANG_WARN_DIRECT_OBJC_ISA_USAGE = YES_ERROR;
				CLANG_WARN_EMPTY_BODY = YES;
				CLANG_WARN_ENUM_CONVERSION = YES;
				CLANG_WARN_INT_CONVERSION = YES;
				CLANG_WARN_OBJC_ROOT_CLASS = YES_ERROR;
				CLANG_WARN_UNREACHABLE_CODE = YES;
				CLANG_WARN__DUPLICATE_METHOD_MATCH = YES;
				"CODE_SIGN_IDENTITY[sdk=iphoneos*]" = "iPhone Developer";
				COPY_PHASE_STRIP = NO;
				DEBUG_INFORMATION_FORMAT = dwarf;
				ENABLE_STRICT_OBJC_MSGSEND = YES;
				ENABLE_TESTABILITY = YES;
				GCC_C_LANGUAGE_STANDARD = gnu99;
				GCC_DYNAMIC_NO_PIC = NO;
				GCC_NO_COMMON_BLOCKS = YES;
				GCC_OPTIMIZATION_LEVEL = 0;
				GCC_PREPROCESSOR_DEFINITIONS = (
					"DEBUG=1",
					"$(inherited)",
				);
				GCC_WARN_64_TO_32_BIT_CONVERSION = YES;
				GCC_WARN_ABOUT_RETURN_TYPE = YES_ERROR;
				GCC_WARN_UNDECLARED_SELECTOR = YES;
				GCC_WARN_UNINITIALIZED_AUTOS = YES_AGGRESSIVE;
				GCC_WARN_UNUSED_FUNCTION = YES;
				GCC_WARN_UNUSED_VARIABLE = YES;
				IPHONEOS_DEPLOYMENT_TARGET = 9.2;
				MTL_ENABLE_DEBUG_INFO = YES;
				ONLY_ACTIVE_ARCH = YES;
				SDKROOT = iphoneos;
				TARGETED_DEVICE_FAMILY = "1,2";
			};
			name = Debug;
		};
		70AA4E791C30EAF60073AA48 /* Release */ = {
			isa = XCBuildConfiguration;
			buildSettings = {
				ALWAYS_SEARCH_USER_PATHS = NO;
				CLANG_CXX_LANGUAGE_STANDARD = "gnu++0x";
				CLANG_CXX_LIBRARY = "libc++";
				CLANG_ENABLE_MODULES = YES;
				CLANG_ENABLE_OBJC_ARC = YES;
				CLANG_WARN_BOOL_CONVERSION = YES;
				CLANG_WARN_CONSTANT_CONVERSION = YES;
				CLANG_WARN_DIRECT_OBJC_ISA_USAGE = YES_ERROR;
				CLANG_WARN_EMPTY_BODY = YES;
				CLANG_WARN_ENUM_CONVERSION = YES;
				CLANG_WARN_INT_CONVERSION = YES;
				CLANG_WARN_OBJC_ROOT_CLASS = YES_ERROR;
				CLANG_WARN_UNREACHABLE_CODE = YES;
				CLANG_WARN__DUPLICATE_METHOD_MATCH = YES;
				"CODE_SIGN_IDENTITY[sdk=iphoneos*]" = "iPhone Developer";
				COPY_PHASE_STRIP = NO;
				DEBUG_INFORMATION_FORMAT = "dwarf-with-dsym";
				ENABLE_NS_ASSERTIONS = NO;
				ENABLE_STRICT_OBJC_MSGSEND = YES;
				GCC_C_LANGUAGE_STANDARD = gnu99;
				GCC_NO_COMMON_BLOCKS = YES;
				GCC_WARN_64_TO_32_BIT_CONVERSION = YES;
				GCC_WARN_ABOUT_RETURN_TYPE = YES_ERROR;
				GCC_WARN_UNDECLARED_SELECTOR = YES;
				GCC_WARN_UNINITIALIZED_AUTOS = YES_AGGRESSIVE;
				GCC_WARN_UNUSED_FUNCTION = YES;
				GCC_WARN_UNUSED_VARIABLE = YES;
				IPHONEOS_DEPLOYMENT_TARGET = 9.2;
				MTL_ENABLE_DEBUG_INFO = NO;
				SDKROOT = iphoneos;
				TARGETED_DEVICE_FAMILY = "1,2";
				VALIDATE_PRODUCT = YES;
			};
			name = Release;
		};
		70AA4E7B1C30EAF60073AA48 /* Debug */ = {
			isa = XCBuildConfiguration;
			buildSettings = {
				ASSETCATALOG_COMPILER_APPICON_NAME = AppIcon;
				DEVELOPMENT_TEAM = XJVZHH6395;
				INFOPLIST_FILE = OpenFile/Info.plist;
				IPHONEOS_DEPLOYMENT_TARGET = 7.0;
				LD_RUNPATH_SEARCH_PATHS = "$(inherited) @executable_path/Frameworks";
				PRODUCT_BUNDLE_IDENTIFIER = com.wenming.OpenFile;
				PRODUCT_NAME = "$(TARGET_NAME)";
				TARGETED_DEVICE_FAMILY = 1;
			};
			name = Debug;
		};
		70AA4E7C1C30EAF60073AA48 /* Release */ = {
			isa = XCBuildConfiguration;
			buildSettings = {
				ASSETCATALOG_COMPILER_APPICON_NAME = AppIcon;
				DEVELOPMENT_TEAM = XJVZHH6395;
				INFOPLIST_FILE = OpenFile/Info.plist;
				IPHONEOS_DEPLOYMENT_TARGET = 7.0;
				LD_RUNPATH_SEARCH_PATHS = "$(inherited) @executable_path/Frameworks";
				PRODUCT_BUNDLE_IDENTIFIER = com.wenming.OpenFile;
				PRODUCT_NAME = "$(TARGET_NAME)";
				TARGETED_DEVICE_FAMILY = 1;
			};
			name = Release;
		};
/* End XCBuildConfiguration section */

/* Begin XCConfigurationList section */
		70AA4E5E1C30EAF60073AA48 /* Build configuration list for PBXProject "OpenFile" */ = {
			isa = XCConfigurationList;
			buildConfigurations = (
				70AA4E781C30EAF60073AA48 /* Debug */,
				70AA4E791C30EAF60073AA48 /* Release */,
			);
			defaultConfigurationIsVisible = 0;
			defaultConfigurationName = Release;
		};
		70AA4E7A1C30EAF60073AA48 /* Build configuration list for PBXNativeTarget "OpenFile" */ = {
			isa = XCConfigurationList;
			buildConfigurations = (
				70AA4E7B1C30EAF60073AA48 /* Debug */,
				70AA4E7C1C30EAF60073AA48 /* Release */,
			);
			defaultConfigurationIsVisible = 0;
			defaultConfigurationName = Release;
		};
/* End XCConfigurationList section */
	};
	rootObject = 70AA4E5B1C30EAF60073AA48 /* Project object */;
}
